
Microsoft Visual Studio Solution File, Format Version 12.00
# Visual Studio 15
VisualStudioVersion = 15.0.28307.102
MinimumVisualStudioVersion = 10.0.40219.1
Project("{FAE04EC0-301F-11D3-BF4B-00C04F79EFBC}") = "CourseWork", "CourseWork\CourseWork.csproj", "{A39C7C41-B5A5-44FB-80F4-45B6FE6EEA48}"
EndProject
Project("{FAE04EC0-301F-11D3-BF4B-00C04F79EFBC}") = "UnitTestProject1", "UnitTestProject1\UnitTestProject1.csproj", "{FFFC4257-04AA-4E99-AC9C-EC3D5B7B97A0}"
EndProject
Global
	GlobalSection(SolutionConfigurationPlatforms) = preSolution
		Debug|Any CPU = Debug|Any CPU
		Release|Any CPU = Release|Any CPU
	EndGlobalSection
	GlobalSection(ProjectConfigurationPlatforms) = postSolution
		{A39C7C41-B5A5-44FB-80F4-45B6FE6EEA48}.Debug|Any CPU.ActiveCfg = Debug|Any CPU
		{A39C7C41-B5A5-44FB-80F4-45B6FE6EEA48}.Debug|Any CPU.Build.0 = Debug|Any CPU
		{A39C7C41-B5A5-44FB-80F4-45B6FE6EEA48}.Release|Any CPU.ActiveCfg = Release|Any CPU
		{A39C7C41-B5A5-44FB-80F4-45B6FE6EEA48}.Release|Any CPU.Build.0 = Release|Any CPU
		{FFFC4257-04AA-4E99-AC9C-EC3D5B7B97A0}.Debug|Any CPU.ActiveCfg = Debug|Any CPU
		{FFFC4257-04AA-4E99-AC9C-EC3D5B7B97A0}.Debug|Any CPU.Build.0 = Debug|Any CPU
		{FFFC4257-04AA-4E99-AC9C-EC3D5B7B97A0}.Release|Any CPU.ActiveCfg = Release|Any CPU
		{FFFC4257-04AA-4E99-AC9C-EC3D5B7B97A0}.Release|Any CPU.Build.0 = Release|Any CPU
	EndGlobalSection
	GlobalSection(SolutionProperties) = preSolution
		HideSolutionNode = FALSE
	EndGlobalSection
	GlobalSection(ExtensibilityGlobals) = postSolution
		SolutionGuid = {0C91920D-48A5-4C71-B87A-6622B75EB861}
	EndGlobalSection
EndGlobal
